# This file is automatically @generated by Poetry 2.3.2 and should not be changed by hand.

[[package]]
name = "invoke"
version = "2.2.1"
description = "Pythonic task execution"
optional = false
python-versions = ">=3.6"
groups = ["main"]
files = [
    {file = "invoke-2.2.1-py3-none-any.whl", hash = "sha256:2413bc441b376e5cd3f55bb5d364f973ad8bdd7bf87e53c79de3c11bf3feecc8"},
    {file = "invoke-2.2.1.tar.gz", hash = "sha256:515bf49b4a48932b79b024590348da22f39c4942dff991ad1fb8b8baea1be707"},
]

[[package]]
name = "python-dotenv"
version = "1.2.2"
description = "Read key-value pairs from a .env file and set them as environment variables"
optional = false
python-versions = ">=3.10"
groups = ["main"]
files = [
    {file = "python_dotenv-1.2.2-py3-none-any.whl", hash = "sha256:1d8214789a24de455a8b8bd8ae6fe3c6b69a5e3d64aa8a8e5d68e694bbcb285a"},
    {file = "python_dotenv-1.2.2.tar.gz", hash = "sha256:2c371a91fbd7ba082c2c1dc1f8bf89ca22564a087c2c287cd9b662adde799cf3"},
]

[package.extras]
cli = ["click (>=5.0)"]

[metadata]
lock-version = "2.1"
python-versions = "^3.12"
content-hash = "0a14b4c9025329f659fb46df764f788d1e31e9ecdd0b2fc818c1c6457b3613e9"
